
Microsoft Visual Studio Solution File, Format Version 12.00
# Visual Studio 15
VisualStudioVersion = 15.0.26730.15
MinimumVisualStudioVersion = 10.0.40219.1
Project("{8BC9CEB8-8B4A-11D0-8D11-00A0C91BC942}") = "NN_2017", "NN_2017\NN_2017.vcxproj", "{49BFD650-8E5A-4126-B18C-7E0C61A02B03}"
EndProject
Global
	GlobalSection(SolutionConfigurationPlatforms) = preSolution
		Debug|x64 = Debug|x64
		Debug|x86 = Debug|x86
		Release|x64 = Release|x64
		Release|x86 = Release|x86
	EndGlobalSection
	GlobalSection(ProjectConfigurationPlatforms) = postSolution
		{49BFD650-8E5A-4126-B18C-7E0C61A02B03}.Debug|x64.ActiveCfg = Debug|x64
		{49BFD650-8E5A-4126-B18C-7E0C61A02B03}.Debug|x64.Build.0 = Debug|x64
		{49BFD650-8E5A-4126-B18C-7E0C61A02B03}.Debug|x86.ActiveCfg = Debug|Win32
		{49BFD650-8E5A-4126-B18C-7E0C61A02B03}.Debug|x86.Build.0 = Debug|Win32
		{49BFD650-8E5A-4126-B18C-7E0C61A02B03}.Release|x64.ActiveCfg = Release|x64
		{49BFD650-8E5A-4126-B18C-7E0C61A02B03}.Release|x64.Build.0 = Release|x64
		{49BFD650-8E5A-4126-B18C-7E0C61A02B03}.Release|x86.ActiveCfg = Release|Win32
		{49BFD650-8E5A-4126-B18C-7E0C61A02B03}.Release|x86.Build.0 = Release|Win32
	EndGlobalSection
	GlobalSection(SolutionProperties) = preSolution
		HideSolutionNode = FALSE
	EndGlobalSection
	GlobalSection(ExtensibilityGlobals) = postSolution
		SolutionGuid = {0A66E6E8-61AA-4BA5-A98E-2F1AA85196BB}
	EndGlobalSection
EndGlobal
